
Microsoft Visual Studio Solution File, Format Version 12.00
# Visual Studio Version 17
VisualStudioVersion = 17.8.34511.84
MinimumVisualStudioVersion = 10.0.40219.1
Project("{FAE04EC0-301F-11D3-BF4B-00C04F79EFBC}") = "BookstoreAPI", "LibraryAPI\BookstoreAPI.csproj", "{610875D6-BDE9-402E-B5A7-79FF86C117CC}"
EndProject
Project("{FAE04EC0-301F-11D3-BF4B-00C04F79EFBC}") = "BookstoreBlazorClient", "BookstoreBlazorClient\BookstoreBlazorClient.csproj", "{787C2BD6-893F-438A-9132-4E57E77B44E1}"
EndProject
Project("{FAE04EC0-301F-11D3-BF4B-00C04F79EFBC}") = "Bookstore.Shared", "Bookstore.Shared\Bookstore.Shared.csproj", "{2F0FE488-3EB4-4B3E-9F2B-0401CD38B201}"
EndProject
Global
	GlobalSection(SolutionConfigurationPlatforms) = preSolution
		Debug|Any CPU = Debug|Any CPU
		Release|Any CPU = Release|Any CPU
	EndGlobalSection
	GlobalSection(ProjectConfigurationPlatforms) = postSolution
		{610875D6-BDE9-402E-B5A7-79FF86C117CC}.Debug|Any CPU.ActiveCfg = Debug|Any CPU
		{610875D6-BDE9-402E-B5A7-79FF86C117CC}.Debug|Any CPU.Build.0 = Debug|Any CPU
		{610875D6-BDE9-402E-B5A7-79FF86C117CC}.Release|Any CPU.ActiveCfg = Release|Any CPU
		{610875D6-BDE9-402E-B5A7-79FF86C117CC}.Release|Any CPU.Build.0 = Release|Any CPU
		{787C2BD6-893F-438A-9132-4E57E77B44E1}.Debug|Any CPU.ActiveCfg = Debug|Any CPU
		{787C2BD6-893F-438A-9132-4E57E77B44E1}.Debug|Any CPU.Build.0 = Debug|Any CPU
		{787C2BD6-893F-438A-9132-4E57E77B44E1}.Release|Any CPU.ActiveCfg = Release|Any CPU
		{787C2BD6-893F-438A-9132-4E57E77B44E1}.Release|Any CPU.Build.0 = Release|Any CPU
		{2F0FE488-3EB4-4B3E-9F2B-0401CD38B201}.Debug|Any CPU.ActiveCfg = Debug|Any CPU
		{2F0FE488-3EB4-4B3E-9F2B-0401CD38B201}.Debug|Any CPU.Build.0 = Debug|Any CPU
		{2F0FE488-3EB4-4B3E-9F2B-0401CD38B201}.Release|Any CPU.ActiveCfg = Release|Any CPU
		{2F0FE488-3EB4-4B3E-9F2B-0401CD38B201}.Release|Any CPU.Build.0 = Release|Any CPU
	EndGlobalSection
	GlobalSection(SolutionProperties) = preSolution
		HideSolutionNode = FALSE
	EndGlobalSection
	GlobalSection(ExtensibilityGlobals) = postSolution
		SolutionGuid = {2BAD7949-9326-4886-866B-6D0C3C523DFB}
	EndGlobalSection
EndGlobal
